# This file is automatically @generated by Poetry 1.8.2 and should not be changed by hand.

[[package]]
name = "geomdl"
version = "5.3.1"
description = "Object-oriented B-Spline and NURBS evaluation library"
optional = false
python-versions = "*"
files = [
    {file = "geomdl-5.3.1-py2.py3-none-any.whl", hash = "sha256:0f36a4bacde5b218c73aadc69ff152e7f7fb3aa7260df0e6647a701a5351d76a"},
    {file = "geomdl-5.3.1.tar.gz", hash = "sha256:e81a31b4d5f111267b16045ba1d9539235a98b2cff5e4bad18f7ddcd4cb804c8"},
]

[[package]]
name = "packaging"
version = "24.1"
description = "Core utilities for Python packages"
optional = false
python-versions = ">=3.8"
files = [
    {file = "packaging-24.1-py3-none-any.whl", hash = "sha256:5b8f2217dbdbd2f7f384c41c628544e6d52f2d0f53c6d0c3ea61aa5d1d7ff124"},
    {file = "packaging-24.1.tar.gz", hash = "sha256:026ed72c8ed3fcce5bf8950572258698927fd1dbda10a5e981cdf0ac37f4f002"},
]

[[package]]
name = "plotly"
version = "5.24.1"
description = "An open-source, interactive data visualization library for Python"
optional = false
python-versions = ">=3.8"
files = [
    {file = "plotly-5.24.1-py3-none-any.whl", hash = "sha256:f67073a1e637eb0dc3e46324d9d51e2fe76e9727c892dde64ddf1e1b51f29089"},
    {file = "plotly-5.24.1.tar.gz", hash = "sha256:dbc8ac8339d248a4bcc36e08a5659bacfe1b079390b8953533f4eb22169b4bae"},
]

[package.dependencies]
packaging = "*"
tenacity = ">=6.2.0"

[[package]]
name = "tenacity"
version = "9.0.0"
description = "Retry code until it succeeds"
optional = false
python-versions = ">=3.8"
files = [
    {file = "tenacity-9.0.0-py3-none-any.whl", hash = "sha256:93de0c98785b27fcf659856aa9f54bfbd399e29969b0621bc7f762bd441b4539"},
    {file = "tenacity-9.0.0.tar.gz", hash = "sha256:807f37ca97d62aa361264d497b0e31e92b8027044942bfa756160d908320d73b"},
]

[package.extras]
doc = ["reno", "sphinx"]
test = ["pytest", "tornado (>=4.5)", "typeguard"]

[metadata]
lock-version = "2.0"
python-versions = "^3.10"
content-hash = "a19b96ecaf75ae30c21445e96e3c51ffc141c23b2bad8639c6127c67a1f85f41"
